
Microsoft Visual Studio Solution File, Format Version 12.00
# Visual Studio Version 16
VisualStudioVersion = 16.0.31025.194
MinimumVisualStudioVersion = 10.0.40219.1
Project("{FAE04EC0-301F-11D3-BF4B-00C04F79EFBC}") = "Ex03.ConsoleUI", "Ex03.ConsoleUI\Ex03.ConsoleUI.csproj", "{B2EE7F12-5186-493C-A6A9-BA22A08DB5B8}"
EndProject
Project("{FAE04EC0-301F-11D3-BF4B-00C04F79EFBC}") = "Ex03.GarageLogic", "Ex03.GarageLogic\Ex03.GarageLogic.csproj", "{0002E6A3-88D1-4A59-839A-63E74B6EFFA9}"
EndProject
Global
	GlobalSection(SolutionConfigurationPlatforms) = preSolution
		Debug|Any CPU = Debug|Any CPU
		Release|Any CPU = Release|Any CPU
	EndGlobalSection
	GlobalSection(ProjectConfigurationPlatforms) = postSolution
		{B2EE7F12-5186-493C-A6A9-BA22A08DB5B8}.Debug|Any CPU.ActiveCfg = Debug|Any CPU
		{B2EE7F12-5186-493C-A6A9-BA22A08DB5B8}.Debug|Any CPU.Build.0 = Debug|Any CPU
		{B2EE7F12-5186-493C-A6A9-BA22A08DB5B8}.Release|Any CPU.ActiveCfg = Release|Any CPU
		{B2EE7F12-5186-493C-A6A9-BA22A08DB5B8}.Release|Any CPU.Build.0 = Release|Any CPU
		{0002E6A3-88D1-4A59-839A-63E74B6EFFA9}.Debug|Any CPU.ActiveCfg = Debug|Any CPU
		{0002E6A3-88D1-4A59-839A-63E74B6EFFA9}.Debug|Any CPU.Build.0 = Debug|Any CPU
		{0002E6A3-88D1-4A59-839A-63E74B6EFFA9}.Release|Any CPU.ActiveCfg = Release|Any CPU
		{0002E6A3-88D1-4A59-839A-63E74B6EFFA9}.Release|Any CPU.Build.0 = Release|Any CPU
	EndGlobalSection
	GlobalSection(SolutionProperties) = preSolution
		HideSolutionNode = FALSE
	EndGlobalSection
	GlobalSection(ExtensibilityGlobals) = postSolution
		SolutionGuid = {D4E1A9B1-9AD4-4E5F-AF43-17FE86CD1199}
	EndGlobalSection
EndGlobal
