
Microsoft Visual Studio Solution File, Format Version 12.00
# Visual Studio Version 16
VisualStudioVersion = 16.0.31025.194
MinimumVisualStudioVersion = 10.0.40219.1
Project("{FAE04EC0-301F-11D3-BF4B-00C04F79EFBC}") = "B21_Ex01_1", "..\B21 Ex01 Eithan 204311757 Maor 204709950\B21_Ex01_1\B21_Ex01_1.csproj", "{4D91CF50-5ACC-4670-AC14-662F7FDA7451}"
EndProject
Project("{FAE04EC0-301F-11D3-BF4B-00C04F79EFBC}") = "B21_Ex01_2", "..\B21 Ex01 Eithan 204311757 Maor 204709950\B21_Ex01_2\B21_Ex01_2.csproj", "{6D6B50B1-BFFB-4EC8-B5BD-A98AE18E65EE}"
EndProject
Project("{FAE04EC0-301F-11D3-BF4B-00C04F79EFBC}") = "B21_Ex01_3", "..\B21 Ex01 Eithan 204311757 Maor 204709950\B21_Ex01_3\B21_Ex01_3.csproj", "{446BA0D2-AAA2-40FC-8BA8-1DAFBB54BA41}"
EndProject
Project("{FAE04EC0-301F-11D3-BF4B-00C04F79EFBC}") = "B21_Ex01_4", "..\B21 Ex01 Eithan 204311757 Maor 204709950\B21_Ex01_4\B21_Ex01_4.csproj", "{5DF8BEB7-4CF8-4570-9E9F-FE1A7F8CCA40}"
EndProject
Project("{FAE04EC0-301F-11D3-BF4B-00C04F79EFBC}") = "B21_Ex01_5", "..\B21 Ex01 Eithan 204311757 Maor 204709950\B21_Ex01_5\B21_Ex01_5.csproj", "{89CCFC86-8F13-4DA1-8230-27C96EBAA7C8}"
EndProject
Project("{2150E333-8FDC-42A3-9474-1A3956D46DE8}") = "Solution Items", "Solution Items", "{ED0383FB-12FF-41F5-8C1A-26BCF64B82D4}"
	ProjectSection(SolutionItems) = preProject
		..\..\..\..\Documents\IDC\3rd Year\Semester 2\C# and .NET\Exercises\Ex01\Email body.txt = ..\..\..\..\Documents\IDC\3rd Year\Semester 2\C# and .NET\Exercises\Ex01\Email body.txt
	EndProjectSection
EndProject
Global
	GlobalSection(SolutionConfigurationPlatforms) = preSolution
		Debug|Any CPU = Debug|Any CPU
		Release|Any CPU = Release|Any CPU
	EndGlobalSection
	GlobalSection(ProjectConfigurationPlatforms) = postSolution
		{4D91CF50-5ACC-4670-AC14-662F7FDA7451}.Debug|Any CPU.ActiveCfg = Debug|Any CPU
		{4D91CF50-5ACC-4670-AC14-662F7FDA7451}.Debug|Any CPU.Build.0 = Debug|Any CPU
		{4D91CF50-5ACC-4670-AC14-662F7FDA7451}.Release|Any CPU.ActiveCfg = Release|Any CPU
		{4D91CF50-5ACC-4670-AC14-662F7FDA7451}.Release|Any CPU.Build.0 = Release|Any CPU
		{6D6B50B1-BFFB-4EC8-B5BD-A98AE18E65EE}.Debug|Any CPU.ActiveCfg = Debug|Any CPU
		{6D6B50B1-BFFB-4EC8-B5BD-A98AE18E65EE}.Debug|Any CPU.Build.0 = Debug|Any CPU
		{6D6B50B1-BFFB-4EC8-B5BD-A98AE18E65EE}.Release|Any CPU.ActiveCfg = Release|Any CPU
		{6D6B50B1-BFFB-4EC8-B5BD-A98AE18E65EE}.Release|Any CPU.Build.0 = Release|Any CPU
		{446BA0D2-AAA2-40FC-8BA8-1DAFBB54BA41}.Debug|Any CPU.ActiveCfg = Debug|Any CPU
		{446BA0D2-AAA2-40FC-8BA8-1DAFBB54BA41}.Debug|Any CPU.Build.0 = Debug|Any CPU
		{446BA0D2-AAA2-40FC-8BA8-1DAFBB54BA41}.Release|Any CPU.ActiveCfg = Release|Any CPU
		{446BA0D2-AAA2-40FC-8BA8-1DAFBB54BA41}.Release|Any CPU.Build.0 = Release|Any CPU
		{5DF8BEB7-4CF8-4570-9E9F-FE1A7F8CCA40}.Debug|Any CPU.ActiveCfg = Debug|Any CPU
		{5DF8BEB7-4CF8-4570-9E9F-FE1A7F8CCA40}.Debug|Any CPU.Build.0 = Debug|Any CPU
		{5DF8BEB7-4CF8-4570-9E9F-FE1A7F8CCA40}.Release|Any CPU.ActiveCfg = Release|Any CPU
		{5DF8BEB7-4CF8-4570-9E9F-FE1A7F8CCA40}.Release|Any CPU.Build.0 = Release|Any CPU
		{89CCFC86-8F13-4DA1-8230-27C96EBAA7C8}.Debug|Any CPU.ActiveCfg = Debug|Any CPU
		{89CCFC86-8F13-4DA1-8230-27C96EBAA7C8}.Debug|Any CPU.Build.0 = Debug|Any CPU
		{89CCFC86-8F13-4DA1-8230-27C96EBAA7C8}.Release|Any CPU.ActiveCfg = Release|Any CPU
		{89CCFC86-8F13-4DA1-8230-27C96EBAA7C8}.Release|Any CPU.Build.0 = Release|Any CPU
	EndGlobalSection
	GlobalSection(SolutionProperties) = preSolution
		HideSolutionNode = FALSE
	EndGlobalSection
	GlobalSection(ExtensibilityGlobals) = postSolution
		SolutionGuid = {36D0B31B-C3FB-40A6-9D54-8EB26994A743}
	EndGlobalSection
EndGlobal
